// !$*UTF8*$!
{
	archiveVersion = 1;
	classes = {
	};
	objectVersion = 56;
	objects = {

/* Begin PBXBuildFile section */
		12D9726B299708F900DD9DBF /* AppDelegate.swift in Sources */ = {isa = PBXBuildFile; fileRef = 12D9726A299708F900DD9DBF /* AppDelegate.swift */; };
		12D9726D299708F900DD9DBF /* SceneDelegate.swift in Sources */ = {isa = PBXBuildFile; fileRef = 12D9726C299708F900DD9DBF /* SceneDelegate.swift */; };
		12D9726F299708F900DD9DBF /* ViewController.swift in Sources */ = {isa = PBXBuildFile; fileRef = 12D9726E299708F900DD9DBF /* ViewController.swift */; };
		12D97272299708F900DD9DBF /* Main.storyboard in Resources */ = {isa = PBXBuildFile; fileRef = 12D97270299708F900DD9DBF /* Main.storyboard */; };
		12D97274299708FA00DD9DBF /* Assets.xcassets in Resources */ = {isa = PBXBuildFile; fileRef = 12D97273299708FA00DD9DBF /* Assets.xcassets */; };
		12D97277299708FA00DD9DBF /* LaunchScreen.storyboard in Resources */ = {isa = PBXBuildFile; fileRef = 12D97275299708FA00DD9DBF /* LaunchScreen.storyboard */; };
		12D97282299708FB00DD9DBF /* Project_4Tests.swift in Sources */ = {isa = PBXBuildFile; fileRef = 12D97281299708FB00DD9DBF /* Project_4Tests.swift */; };
		12D9728C299708FB00DD9DBF /* Project_4UITests.swift in Sources */ = {isa = PBXBuildFile; fileRef = 12D9728B299708FB00DD9DBF /* Project_4UITests.swift */; };
		12D9728E299708FB00DD9DBF /* Project_4UITestsLaunchTests.swift in Sources */ = {isa = PBXBuildFile; fileRef = 12D9728D299708FB00DD9DBF /* Project_4UITestsLaunchTests.swift */; };
		12D9729D29970FA500DD9DBF /* MyAdventureModel.swift in Sources */ = {isa = PBXBuildFile; fileRef = 12D9729C29970FA500DD9DBF /* MyAdventureModel.swift */; };
		12D9729F299710E800DD9DBF /* MyAdentureImplementation.swift in Sources */ = {isa = PBXBuildFile; fileRef = 12D9729E299710E800DD9DBF /* MyAdentureImplementation.swift */; };
/* End PBXBuildFile section */

/* Begin PBXContainerItemProxy section */
		12D9727E299708FB00DD9DBF /* PBXContainerItemProxy */ = {
			isa = PBXContainerItemProxy;
			containerPortal = 12D9725F299708F800DD9DBF /* Project object */;
			proxyType = 1;
			remoteGlobalIDString = 12D97266299708F900DD9DBF;
			remoteInfo = "Project 4";
		};
		12D97288299708FB00DD9DBF /* PBXContainerItemProxy */ = {
			isa = PBXContainerItemProxy;
			containerPortal = 12D9725F299708F800DD9DBF /* Project object */;
			proxyType = 1;
			remoteGlobalIDString = 12D97266299708F900DD9DBF;
			remoteInfo = "Project 4";
		};
/* End PBXContainerItemProxy section */

/* Begin PBXFileReference section */
		12D97267299708F900DD9DBF /* Project 4.app */ = {isa = PBXFileReference; explicitFileType = wrapper.application; includeInIndex = 0; path = "Project 4.app"; sourceTree = BUILT_PRODUCTS_DIR; };
		12D9726A299708F900DD9DBF /* AppDelegate.swift */ = {isa = PBXFileReference; lastKnownFileType = sourcecode.swift; path = AppDelegate.swift; sourceTree = "<group>"; };
		12D9726C299708F900DD9DBF /* SceneDelegate.swift */ = {isa = PBXFileReference; lastKnownFileType = sourcecode.swift; path = SceneDelegate.swift; sourceTree = "<group>"; };
		12D9726E299708F900DD9DBF /* ViewController.swift */ = {isa = PBXFileReference; lastKnownFileType = sourcecode.swift; path = ViewController.swift; sourceTree = "<group>"; };
		12D97271299708F900DD9DBF /* Base */ = {isa = PBXFileReference; lastKnownFileType = file.storyboard; name = Base; path = Base.lproj/Main.storyboard; sourceTree = "<group>"; };
		12D97273299708FA00DD9DBF /* Assets.xcassets */ = {isa = PBXFileReference; lastKnownFileType = folder.assetcatalog; path = Assets.xcassets; sourceTree = "<group>"; };
		12D97276299708FA00DD9DBF /* Base */ = {isa = PBXFileReference; lastKnownFileType = file.storyboard; name = Base; path = Base.lproj/LaunchScreen.storyboard; sourceTree = "<group>"; };
		12D97278299708FA00DD9DBF /* Info.plist */ = {isa = PBXFileReference; lastKnownFileType = text.plist.xml; path = Info.plist; sourceTree = "<group>"; };
		12D9727D299708FB00DD9DBF /* Project 4Tests.xctest */ = {isa = PBXFileReference; explicitFileType = wrapper.cfbundle; includeInIndex = 0; path = "Project 4Tests.xctest"; sourceTree = BUILT_PRODUCTS_DIR; };
		12D97281299708FB00DD9DBF /* Project_4Tests.swift */ = {isa = PBXFileReference; lastKnownFileType = sourcecode.swift; path = Project_4Tests.swift; sourceTree = "<group>"; };
		12D97287299708FB00DD9DBF /* Project 4UITests.xctest */ = {isa = PBXFileReference; explicitFileType = wrapper.cfbundle; includeInIndex = 0; path = "Project 4UITests.xctest"; sourceTree = BUILT_PRODUCTS_DIR; };
		12D9728B299708FB00DD9DBF /* Project_4UITests.swift */ = {isa = PBXFileReference; lastKnownFileType = sourcecode.swift; path = Project_4UITests.swift; sourceTree = "<group>"; };
		12D9728D299708FB00DD9DBF /* Project_4UITestsLaunchTests.swift */ = {isa = PBXFileReference; lastKnownFileType = sourcecode.swift; path = Project_4UITestsLaunchTests.swift; sourceTree = "<group>"; };
		12D9729C29970FA500DD9DBF /* MyAdventureModel.swift */ = {isa = PBXFileReference; lastKnownFileType = sourcecode.swift; path = MyAdventureModel.swift; sourceTree = "<group>"; };
		12D9729E299710E800DD9DBF /* MyAdentureImplementation.swift */ = {isa = PBXFileReference; lastKnownFileType = sourcecode.swift; path = MyAdentureImplementation.swift; sourceTree = "<group>"; };
/* End PBXFileReference section */

/* Begin PBXFrameworksBuildPhase section */
		12D97264299708F900DD9DBF /* Frameworks */ = {
			isa = PBXFrameworksBuildPhase;
			buildActionMask = 2147483647;
			files = (
			);
			runOnlyForDeploymentPostprocessing = 0;
		};
		12D9727A299708FB00DD9DBF /* Frameworks */ = {
			isa = PBXFrameworksBuildPhase;
			buildActionMask = 2147483647;
			files = (
			);
			runOnlyForDeploymentPostprocessing = 0;
		};
		12D97284299708FB00DD9DBF /* Frameworks */ = {
			isa = PBXFrameworksBuildPhase;
			buildActionMask = 2147483647;
			files = (
			);
			runOnlyForDeploymentPostprocessing = 0;
		};
/* End PBXFrameworksBuildPhase section */

/* Begin PBXGroup section */
		12D9725E299708F800DD9DBF = {
			isa = PBXGroup;
			children = (
				12D97269299708F900DD9DBF /* Project 4 */,
				12D97280299708FB00DD9DBF /* Project 4Tests */,
				12D9728A299708FB00DD9DBF /* Project 4UITests */,
				12D97268299708F900DD9DBF /* Products */,
			);
			sourceTree = "<group>";
		};
		12D97268299708F900DD9DBF /* Products */ = {
			isa = PBXGroup;
			children = (
				12D97267299708F900DD9DBF /* Project 4.app */,
				12D9727D299708FB00DD9DBF /* Project 4Tests.xctest */,
				12D97287299708FB00DD9DBF /* Project 4UITests.xctest */,
			);
			name = Products;
			sourceTree = "<group>";
		};
		12D97269299708F900DD9DBF /* Project 4 */ = {
			isa = PBXGroup;
			children = (
				12D9726A299708F900DD9DBF /* AppDelegate.swift */,
				12D9726C299708F900DD9DBF /* SceneDelegate.swift */,
				12D9726E299708F900DD9DBF /* ViewController.swift */,
				12D97270299708F900DD9DBF /* Main.storyboard */,
				12D97273299708FA00DD9DBF /* Assets.xcassets */,
				12D97275299708FA00DD9DBF /* LaunchScreen.storyboard */,
				12D97278299708FA00DD9DBF /* Info.plist */,
				12D9729C29970FA500DD9DBF /* MyAdventureModel.swift */,
				12D9729E299710E800DD9DBF /* MyAdentureImplementation.swift */,
			);
			path = "Project 4";
			sourceTree = "<group>";
		};
		12D97280299708FB00DD9DBF /* Project 4Tests */ = {
			isa = PBXGroup;
			children = (
				12D97281299708FB00DD9DBF /* Project_4Tests.swift */,
			);
			path = "Project 4Tests";
			sourceTree = "<group>";
		};
		12D9728A299708FB00DD9DBF /* Project 4UITests */ = {
			isa = PBXGroup;
			children = (
				12D9728B299708FB00DD9DBF /* Project_4UITests.swift */,
				12D9728D299708FB00DD9DBF /* Project_4UITestsLaunchTests.swift */,
			);
			path = "Project 4UITests";
			sourceTree = "<group>";
		};
/* End PBXGroup section */

/* Begin PBXNativeTarget section */
		12D97266299708F900DD9DBF /* Project 4 */ = {
			isa = PBXNativeTarget;
			buildConfigurationList = 12D97291299708FB00DD9DBF /* Build configuration list for PBXNativeTarget "Project 4" */;
			buildPhases = (
				12D97263299708F900DD9DBF /* Sources */,
				12D97264299708F900DD9DBF /* Frameworks */,
				12D97265299708F900DD9DBF /* Resources */,
			);
			buildRules = (
			);
			dependencies = (
			);
			name = "Project 4";
			productName = "Project 4";
			productReference = 12D97267299708F900DD9DBF /* Project 4.app */;
			productType = "com.apple.product-type.application";
		};
		12D9727C299708FB00DD9DBF /* Project 4Tests */ = {
			isa = PBXNativeTarget;
			buildConfigurationList = 12D97294299708FB00DD9DBF /* Build configuration list for PBXNativeTarget "Project 4Tests" */;
			buildPhases = (
				12D97279299708FB00DD9DBF /* Sources */,
				12D9727A299708FB00DD9DBF /* Frameworks */,
				12D9727B299708FB00DD9DBF /* Resources */,
			);
			buildRules = (
			);
			dependencies = (
				12D9727F299708FB00DD9DBF /* PBXTargetDependency */,
			);
			name = "Project 4Tests";
			productName = "Project 4Tests";
			productReference = 12D9727D299708FB00DD9DBF /* Project 4Tests.xctest */;
			productType = "com.apple.product-type.bundle.unit-test";
		};
		12D97286299708FB00DD9DBF /* Project 4UITests */ = {
			isa = PBXNativeTarget;
			buildConfigurationList = 12D97297299708FB00DD9DBF /* Build configuration list for PBXNativeTarget "Project 4UITests" */;
			buildPhases = (
				12D97283299708FB00DD9DBF /* Sources */,
				12D97284299708FB00DD9DBF /* Frameworks */,
				12D97285299708FB00DD9DBF /* Resources */,
			);
			buildRules = (
			);
			dependencies = (
				12D97289299708FB00DD9DBF /* PBXTargetDependency */,
			);
			name = "Project 4UITests";
			productName = "Project 4UITests";
			productReference = 12D97287299708FB00DD9DBF /* Project 4UITests.xctest */;
			productType = "com.apple.product-type.bundle.ui-testing";
		};
/* End PBXNativeTarget section */

/* Begin PBXProject section */
		12D9725F299708F800DD9DBF /* Project object */ = {
			isa = PBXProject;
			attributes = {
				BuildIndependentTargetsInParallel = 1;
				LastSwiftUpdateCheck = 1420;
				LastUpgradeCheck = 1420;
				TargetAttributes = {
					12D97266299708F900DD9DBF = {
						CreatedOnToolsVersion = 14.2;
					};
					12D9727C299708FB00DD9DBF = {
						CreatedOnToolsVersion = 14.2;
						TestTargetID = 12D97266299708F900DD9DBF;
					};
					12D97286299708FB00DD9DBF = {
						CreatedOnToolsVersion = 14.2;
						TestTargetID = 12D97266299708F900DD9DBF;
					};
				};
			};
			buildConfigurationList = 12D97262299708F800DD9DBF /* Build configuration list for PBXProject "Project 4" */;
			compatibilityVersion = "Xcode 14.0";
			developmentRegion = en;
			hasScannedForEncodings = 0;
			knownRegions = (
				en,
				Base,
			);
			mainGroup = 12D9725E299708F800DD9DBF;
			productRefGroup = 12D97268299708F900DD9DBF /* Products */;
			projectDirPath = "";
			projectRoot = "";
			targets = (
				12D97266299708F900DD9DBF /* Project 4 */,
				12D9727C299708FB00DD9DBF /* Project 4Tests */,
				12D97286299708FB00DD9DBF /* Project 4UITests */,
			);
		};
/* End PBXProject section */

/* Begin PBXResourcesBuildPhase section */
		12D97265299708F900DD9DBF /* Resources */ = {
			isa = PBXResourcesBuildPhase;
			buildActionMask = 2147483647;
			files = (
				12D97277299708FA00DD9DBF /* LaunchScreen.storyboard in Resources */,
				12D97274299708FA00DD9DBF /* Assets.xcassets in Resources */,
				12D97272299708F900DD9DBF /* Main.storyboard in Resources */,
			);
			runOnlyForDeploymentPostprocessing = 0;
		};
		12D9727B299708FB00DD9DBF /* Resources */ = {
			isa = PBXResourcesBuildPhase;
			buildActionMask = 2147483647;
			files = (
			);
			runOnlyForDeploymentPostprocessing = 0;
		};
		12D97285299708FB00DD9DBF /* Resources */ = {
			isa = PBXResourcesBuildPhase;
			buildActionMask = 2147483647;
			files = (
			);
			runOnlyForDeploymentPostprocessing = 0;
		};
/* End PBXResourcesBuildPhase section */

/* Begin PBXSourcesBuildPhase section */
		12D97263299708F900DD9DBF /* Sources */ = {
			isa = PBXSourcesBuildPhase;
			buildActionMask = 2147483647;
			files = (
				12D9729F299710E800DD9DBF /* MyAdentureImplementation.swift in Sources */,
				12D9726F299708F900DD9DBF /* ViewController.swift in Sources */,
				12D9726B299708F900DD9DBF /* AppDelegate.swift in Sources */,
				12D9729D29970FA500DD9DBF /* MyAdventureModel.swift in Sources */,
				12D9726D299708F900DD9DBF /* SceneDelegate.swift in Sources */,
			);
			runOnlyForDeploymentPostprocessing = 0;
		};
		12D97279299708FB00DD9DBF /* Sources */ = {
			isa = PBXSourcesBuildPhase;
			buildActionMask = 2147483647;
			files = (
				12D97282299708FB00DD9DBF /* Project_4Tests.swift in Sources */,
			);
			runOnlyForDeploymentPostprocessing = 0;
		};
		12D97283299708FB00DD9DBF /* Sources */ = {
			isa = PBXSourcesBuildPhase;
			buildActionMask = 2147483647;
			files = (
				12D9728C299708FB00DD9DBF /* Project_4UITests.swift in Sources */,
				12D9728E299708FB00DD9DBF /* Project_4UITestsLaunchTests.swift in Sources */,
			);
			runOnlyForDeploymentPostprocessing = 0;
		};
/* End PBXSourcesBuildPhase section */

/* Begin PBXTargetDependency section */
		12D9727F299708FB00DD9DBF /* PBXTargetDependency */ = {
			isa = PBXTargetDependency;
			target = 12D97266299708F900DD9DBF /* Project 4 */;
			targetProxy = 12D9727E299708FB00DD9DBF /* PBXContainerItemProxy */;
		};
		12D97289299708FB00DD9DBF /* PBXTargetDependency */ = {
			isa = PBXTargetDependency;
			target = 12D97266299708F900DD9DBF /* Project 4 */;
			targetProxy = 12D97288299708FB00DD9DBF /* PBXContainerItemProxy */;
		};
/* End PBXTargetDependency section */

/* Begin PBXVariantGroup section */
		12D97270299708F900DD9DBF /* Main.storyboard */ = {
			isa = PBXVariantGroup;
			children = (
				12D97271299708F900DD9DBF /* Base */,
			);
			name = Main.storyboard;
			sourceTree = "<group>";
		};
		12D97275299708FA00DD9DBF /* LaunchScreen.storyboard */ = {
			isa = PBXVariantGroup;
			children = (
				12D97276299708FA00DD9DBF /* Base */,
			);
			name = LaunchScreen.storyboard;
			sourceTree = "<group>";
		};
/* End PBXVariantGroup section */

/* Begin XCBuildConfiguration section */
		12D9728F299708FB00DD9DBF /* Debug */ = {
			isa = XCBuildConfiguration;
			buildSettings = {
				ALWAYS_SEARCH_USER_PATHS = NO;
				CLANG_ANALYZER_NONNULL = YES;
				CLANG_ANALYZER_NUMBER_OBJECT_CONVERSION = YES_AGGRESSIVE;
				CLANG_CXX_LANGUAGE_STANDARD = "gnu++20";
				CLANG_ENABLE_MODULES = YES;
				CLANG_ENABLE_OBJC_ARC = YES;
				CLANG_ENABLE_OBJC_WEAK = YES;
				CLANG_WARN_BLOCK_CAPTURE_AUTORELEASING = YES;
				CLANG_WARN_BOOL_CONVERSION = YES;
				CLANG_WARN_COMMA = YES;
				CLANG_WARN_CONSTANT_CONVERSION = YES;
				CLANG_WARN_DEPRECATED_OBJC_IMPLEMENTATIONS = YES;
				CLANG_WARN_DIRECT_OBJC_ISA_USAGE = YES_ERROR;
				CLANG_WARN_DOCUMENTATION_COMMENTS = YES;
				CLANG_WARN_EMPTY_BODY = YES;
				CLANG_WARN_ENUM_CONVERSION = YES;
				CLANG_WARN_INFINITE_RECURSION = YES;
				CLANG_WARN_INT_CONVERSION = YES;
				CLANG_WARN_NON_LITERAL_NULL_CONVERSION = YES;
				CLANG_WARN_OBJC_IMPLICIT_RETAIN_SELF = YES;
				CLANG_WARN_OBJC_LITERAL_CONVERSION = YES;
				CLANG_WARN_OBJC_ROOT_CLASS = YES_ERROR;
				CLANG_WARN_QUOTED_INCLUDE_IN_FRAMEWORK_HEADER = YES;
				CLANG_WARN_RANGE_LOOP_ANALYSIS = YES;
				CLANG_WARN_STRICT_PROTOTYPES = YES;
				CLANG_WARN_SUSPICIOUS_MOVE = YES;
				CLANG_WARN_UNGUARDED_AVAILABILITY = YES_AGGRESSIVE;
				CLANG_WARN_UNREACHABLE_CODE = YES;
				CLANG_WARN__DUPLICATE_METHOD_MATCH = YES;
				COPY_PHASE_STRIP = NO;
				DEBUG_INFORMATION_FORMAT = dwarf;
				ENABLE_STRICT_OBJC_MSGSEND = YES;
				ENABLE_TESTABILITY = YES;
				GCC_C_LANGUAGE_STANDARD = gnu11;
				GCC_DYNAMIC_NO_PIC = NO;
				GCC_NO_COMMON_BLOCKS = YES;
				GCC_OPTIMIZATION_LEVEL = 0;
				GCC_PREPROCESSOR_DEFINITIONS = (
					"DEBUG=1",
					"$(inherited)",
				);
				GCC_WARN_64_TO_32_BIT_CONVERSION = YES;
				GCC_WARN_ABOUT_RETURN_TYPE = YES_ERROR;
				GCC_WARN_UNDECLARED_SELECTOR = YES;
				GCC_WARN_UNINITIALIZED_AUTOS = YES_AGGRESSIVE;
				GCC_WARN_UNUSED_FUNCTION = YES;
				GCC_WARN_UNUSED_VARIABLE = YES;
				IPHONEOS_DEPLOYMENT_TARGET = 16.2;
				MTL_ENABLE_DEBUG_INFO = INCLUDE_SOURCE;
				MTL_FAST_MATH = YES;
				ONLY_ACTIVE_ARCH = YES;
				SDKROOT = iphoneos;
				SWIFT_ACTIVE_COMPILATION_CONDITIONS = DEBUG;
				SWIFT_OPTIMIZATION_LEVEL = "-Onone";
			};
			name = Debug;
		};
		12D97290299708FB00DD9DBF /* Release */ = {
			isa = XCBuildConfiguration;
			buildSettings = {
				ALWAYS_SEARCH_USER_PATHS = NO;
				CLANG_ANALYZER_NONNULL = YES;
				CLANG_ANALYZER_NUMBER_OBJECT_CONVERSION = YES_AGGRESSIVE;
				CLANG_CXX_LANGUAGE_STANDARD = "gnu++20";
				CLANG_ENABLE_MODULES = YES;
				CLANG_ENABLE_OBJC_ARC = YES;
				CLANG_ENABLE_OBJC_WEAK = YES;
				CLANG_WARN_BLOCK_CAPTURE_AUTORELEASING = YES;
				CLANG_WARN_BOOL_CONVERSION = YES;
				CLANG_WARN_COMMA = YES;
				CLANG_WARN_CONSTANT_CONVERSION = YES;
				CLANG_WARN_DEPRECATED_OBJC_IMPLEMENTATIONS = YES;
				CLANG_WARN_DIRECT_OBJC_ISA_USAGE = YES_ERROR;
				CLANG_WARN_DOCUMENTATION_COMMENTS = YES;
				CLANG_WARN_EMPTY_BODY = YES;
				CLANG_WARN_ENUM_CONVERSION = YES;
				CLANG_WARN_INFINITE_RECURSION = YES;
				CLANG_WARN_INT_CONVERSION = YES;
				CLANG_WARN_NON_LITERAL_NULL_CONVERSION = YES;
				CLANG_WARN_OBJC_IMPLICIT_RETAIN_SELF = YES;
				CLANG_WARN_OBJC_LITERAL_CONVERSION = YES;
				CLANG_WARN_OBJC_ROOT_CLASS = YES_ERROR;
				CLANG_WARN_QUOTED_INCLUDE_IN_FRAMEWORK_HEADER = YES;
				CLANG_WARN_RANGE_LOOP_ANALYSIS = YES;
				CLANG_WARN_STRICT_PROTOTYPES = YES;
				CLANG_WARN_SUSPICIOUS_MOVE = YES;
				CLANG_WARN_UNGUARDED_AVAILABILITY = YES_AGGRESSIVE;
				CLANG_WARN_UNREACHABLE_CODE = YES;
				CLANG_WARN__DUPLICATE_METHOD_MATCH = YES;
				COPY_PHASE_STRIP = NO;
				DEBUG_INFORMATION_FORMAT = "dwarf-with-dsym";
				ENABLE_NS_ASSERTIONS = NO;
				ENABLE_STRICT_OBJC_MSGSEND = YES;
				GCC_C_LANGUAGE_STANDARD = gnu11;
				GCC_NO_COMMON_BLOCKS = YES;
				GCC_WARN_64_TO_32_BIT_CONVERSION = YES;
				GCC_WARN_ABOUT_RETURN_TYPE = YES_ERROR;
				GCC_WARN_UNDECLARED_SELECTOR = YES;
				GCC_WARN_UNINITIALIZED_AUTOS = YES_AGGRESSIVE;
				GCC_WARN_UNUSED_FUNCTION = YES;
				GCC_WARN_UNUSED_VARIABLE = YES;
				IPHONEOS_DEPLOYMENT_TARGET = 16.2;
				MTL_ENABLE_DEBUG_INFO = NO;
				MTL_FAST_MATH = YES;
				SDKROOT = iphoneos;
				SWIFT_COMPILATION_MODE = wholemodule;
				SWIFT_OPTIMIZATION_LEVEL = "-O";
				VALIDATE_PRODUCT = YES;
			};
			name = Release;
		};
		12D97292299708FB00DD9DBF /* Debug */ = {
			isa = XCBuildConfiguration;
			buildSettings = {
				ASSETCATALOG_COMPILER_APPICON_NAME = AppIcon;
				ASSETCATALOG_COMPILER_GLOBAL_ACCENT_COLOR_NAME = AccentColor;
				CODE_SIGN_STYLE = Automatic;
				CURRENT_PROJECT_VERSION = 1;
				GENERATE_INFOPLIST_FILE = YES;
				INFOPLIST_FILE = "Project 4/Info.plist";
				INFOPLIST_KEY_UIApplicationSupportsIndirectInputEvents = YES;
				INFOPLIST_KEY_UILaunchStoryboardName = LaunchScreen;
				INFOPLIST_KEY_UIMainStoryboardFile = Main;
				INFOPLIST_KEY_UISupportedInterfaceOrientations_iPad = "UIInterfaceOrientationPortrait UIInterfaceOrientationPortraitUpsideDown UIInterfaceOrientationLandscapeLeft UIInterfaceOrientationLandscapeRight";
				INFOPLIST_KEY_UISupportedInterfaceOrientations_iPhone = "UIInterfaceOrientationPortrait UIInterfaceOrientationLandscapeLeft UIInterfaceOrientationLandscapeRight";
				LD_RUNPATH_SEARCH_PATHS = (
					"$(inherited)",
					"@executable_path/Frameworks",
				);
				MARKETING_VERSION = 1.0;
				PRODUCT_BUNDLE_IDENTIFIER = "com.madonawambua.com.Project-4";
				PRODUCT_NAME = "$(TARGET_NAME)";
				SWIFT_EMIT_LOC_STRINGS = YES;
				SWIFT_VERSION = 5.0;
				TARGETED_DEVICE_FAMILY = "1,2";
			};
			name = Debug;
		};
		12D97293299708FB00DD9DBF /* Release */ = {
			isa = XCBuildConfiguration;
			buildSettings = {
				ASSETCATALOG_COMPILER_APPICON_NAME = AppIcon;
				ASSETCATALOG_COMPILER_GLOBAL_ACCENT_COLOR_NAME = AccentColor;
				CODE_SIGN_STYLE = Automatic;
				CURRENT_PROJECT_VERSION = 1;
				GENERATE_INFOPLIST_FILE = YES;
				INFOPLIST_FILE = "Project 4/Info.plist";
				INFOPLIST_KEY_UIApplicationSupportsIndirectInputEvents = YES;
				INFOPLIST_KEY_UILaunchStoryboardName = LaunchScreen;
				INFOPLIST_KEY_UIMainStoryboardFile = Main;
				INFOPLIST_KEY_UISupportedInterfaceOrientations_iPad = "UIInterfaceOrientationPortrait UIInterfaceOrientationPortraitUpsideDown UIInterfaceOrientationLandscapeLeft UIInterfaceOrientationLandscapeRight";
				INFOPLIST_KEY_UISupportedInterfaceOrientations_iPhone = "UIInterfaceOrientationPortrait UIInterfaceOrientationLandscapeLeft UIInterfaceOrientationLandscapeRight";
				LD_RUNPATH_SEARCH_PATHS = (
					"$(inherited)",
					"@executable_path/Frameworks",
				);
				MARKETING_VERSION = 1.0;
				PRODUCT_BUNDLE_IDENTIFIER = "com.madonawambua.com.Project-4";
				PRODUCT_NAME = "$(TARGET_NAME)";
				SWIFT_EMIT_LOC_STRINGS = YES;
				SWIFT_VERSION = 5.0;
				TARGETED_DEVICE_FAMILY = "1,2";
			};
			name = Release;
		};
		12D97295299708FB00DD9DBF /* Debug */ = {
			isa = XCBuildConfiguration;
			buildSettings = {
				ALWAYS_EMBED_SWIFT_STANDARD_LIBRARIES = YES;
				BUNDLE_LOADER = "$(TEST_HOST)";
				CODE_SIGN_STYLE = Automatic;
				CURRENT_PROJECT_VERSION = 1;
				GENERATE_INFOPLIST_FILE = YES;
				IPHONEOS_DEPLOYMENT_TARGET = 16.2;
				MARKETING_VERSION = 1.0;
				PRODUCT_BUNDLE_IDENTIFIER = "com.madonawambua.com.Project-4Tests";
				PRODUCT_NAME = "$(TARGET_NAME)";
				SWIFT_EMIT_LOC_STRINGS = NO;
				SWIFT_VERSION = 5.0;
				TARGETED_DEVICE_FAMILY = "1,2";
				TEST_HOST = "$(BUILT_PRODUCTS_DIR)/Project 4.app/$(BUNDLE_EXECUTABLE_FOLDER_PATH)/Project 4";
			};
			name = Debug;
		};
		12D97296299708FB00DD9DBF /* Release */ = {
			isa = XCBuildConfiguration;
			buildSettings = {
				ALWAYS_EMBED_SWIFT_STANDARD_LIBRARIES = YES;
				BUNDLE_LOADER = "$(TEST_HOST)";
				CODE_SIGN_STYLE = Automatic;
				CURRENT_PROJECT_VERSION = 1;
				GENERATE_INFOPLIST_FILE = YES;
				IPHONEOS_DEPLOYMENT_TARGET = 16.2;
				MARKETING_VERSION = 1.0;
				PRODUCT_BUNDLE_IDENTIFIER = "com.madonawambua.com.Project-4Tests";
				PRODUCT_NAME = "$(TARGET_NAME)";
				SWIFT_EMIT_LOC_STRINGS = NO;
				SWIFT_VERSION = 5.0;
				TARGETED_DEVICE_FAMILY = "1,2";
				TEST_HOST = "$(BUILT_PRODUCTS_DIR)/Project 4.app/$(BUNDLE_EXECUTABLE_FOLDER_PATH)/Project 4";
			};
			name = Release;
		};
		12D97298299708FB00DD9DBF /* Debug */ = {
			isa = XCBuildConfiguration;
			buildSettings = {
				ALWAYS_EMBED_SWIFT_STANDARD_LIBRARIES = YES;
				CODE_SIGN_STYLE = Automatic;
				CURRENT_PROJECT_VERSION = 1;
				GENERATE_INFOPLIST_FILE = YES;
				MARKETING_VERSION = 1.0;
				PRODUCT_BUNDLE_IDENTIFIER = "com.madonawambua.com.Project-4UITests";
				PRODUCT_NAME = "$(TARGET_NAME)";
				SWIFT_EMIT_LOC_STRINGS = NO;
				SWIFT_VERSION = 5.0;
				TARGETED_DEVICE_FAMILY = "1,2";
				TEST_TARGET_NAME = "Project 4";
			};
			name = Debug;
		};
		12D97299299708FB00DD9DBF /* Release */ = {
			isa = XCBuildConfiguration;
			buildSettings = {
				ALWAYS_EMBED_SWIFT_STANDARD_LIBRARIES = YES;
				CODE_SIGN_STYLE = Automatic;
				CURRENT_PROJECT_VERSION = 1;
				GENERATE_INFOPLIST_FILE = YES;
				MARKETING_VERSION = 1.0;
				PRODUCT_BUNDLE_IDENTIFIER = "com.madonawambua.com.Project-4UITests";
				PRODUCT_NAME = "$(TARGET_NAME)";
				SWIFT_EMIT_LOC_STRINGS = NO;
				SWIFT_VERSION = 5.0;
				TARGETED_DEVICE_FAMILY = "1,2";
				TEST_TARGET_NAME = "Project 4";
			};
			name = Release;
		};
/* End XCBuildConfiguration section */

/* Begin XCConfigurationList section */
		12D97262299708F800DD9DBF /* Build configuration list for PBXProject "Project 4" */ = {
			isa = XCConfigurationList;
			buildConfigurations = (
				12D9728F299708FB00DD9DBF /* Debug */,
				12D97290299708FB00DD9DBF /* Release */,
			);
			defaultConfigurationIsVisible = 0;
			defaultConfigurationName = Release;
		};
		12D97291299708FB00DD9DBF /* Build configuration list for PBXNativeTarget "Project 4" */ = {
			isa = XCConfigurationList;
			buildConfigurations = (
				12D97292299708FB00DD9DBF /* Debug */,
				12D97293299708FB00DD9DBF /* Release */,
			);
			defaultConfigurationIsVisible = 0;
			defaultConfigurationName = Release;
		};
		12D97294299708FB00DD9DBF /* Build configuration list for PBXNativeTarget "Project 4Tests" */ = {
			isa = XCConfigurationList;
			buildConfigurations = (
				12D97295299708FB00DD9DBF /* Debug */,
				12D97296299708FB00DD9DBF /* Release */,
			);
			defaultConfigurationIsVisible = 0;
			defaultConfigurationName = Release;
		};
		12D97297299708FB00DD9DBF /* Build configuration list for PBXNativeTarget "Project 4UITests" */ = {
			isa = XCConfigurationList;
			buildConfigurations = (
				12D97298299708FB00DD9DBF /* Debug */,
				12D97299299708FB00DD9DBF /* Release */,
			);
			defaultConfigurationIsVisible = 0;
			defaultConfigurationName = Release;
		};
/* End XCConfigurationList section */
	};
	rootObject = 12D9725F299708F800DD9DBF /* Project object */;
}
